
Microsoft Visual Studio Solution File, Format Version 12.00
Project("{FAE04EC0-301F-11D3-BF4B-00C04F79EFBC}") = "SecretsSharing", "SecretsSharing\SecretsSharing.csproj", "{8EE8629F-516E-496C-9426-48BA5B621251}"
EndProject
Global
	GlobalSection(SolutionConfigurationPlatforms) = preSolution
		Debug|Any CPU = Debug|Any CPU
		Release|Any CPU = Release|Any CPU
	EndGlobalSection
	GlobalSection(ProjectConfigurationPlatforms) = postSolution
		{8EE8629F-516E-496C-9426-48BA5B621251}.Debug|Any CPU.ActiveCfg = Debug|Any CPU
		{8EE8629F-516E-496C-9426-48BA5B621251}.Debug|Any CPU.Build.0 = Debug|Any CPU
		{8EE8629F-516E-496C-9426-48BA5B621251}.Release|Any CPU.ActiveCfg = Release|Any CPU
		{8EE8629F-516E-496C-9426-48BA5B621251}.Release|Any CPU.Build.0 = Release|Any CPU
	EndGlobalSection
EndGlobal
